// !$*UTF8*$!
{
	archiveVersion = 1;
	classes = {
	};
	objectVersion = 56;
	objects = {

/* Begin PBXBuildFile section */
		474DB3BD2A3E033B0078EF54 /* FlashcardsApp.swift in Sources */ = {isa = PBXBuildFile; fileRef = 474DB3BC2A3E033B0078EF54 /* FlashcardsApp.swift */; };
		474DB3BF2A3E033B0078EF54 /* FlashcardSetsView.swift in Sources */ = {isa = PBXBuildFile; fileRef = 474DB3BE2A3E033B0078EF54 /* FlashcardSetsView.swift */; };
		474DB3C12A3E033C0078EF54 /* Assets.xcassets in Resources */ = {isa = PBXBuildFile; fileRef = 474DB3C02A3E033C0078EF54 /* Assets.xcassets */; };
		474DB3D92A3E1D220078EF54 /* Flashcard.swift in Sources */ = {isa = PBXBuildFile; fileRef = 474DB3D82A3E1D220078EF54 /* Flashcard.swift */; };
		474DB3DB2A3E1D4D0078EF54 /* FlashcardsSet.swift in Sources */ = {isa = PBXBuildFile; fileRef = 474DB3DA2A3E1D4D0078EF54 /* FlashcardsSet.swift */; };
		47F26D462A3E295A005C3EA7 /* SnapshotTesting in Frameworks */ = {isa = PBXBuildFile; productRef = 47F26D452A3E295A005C3EA7 /* SnapshotTesting */; };
		47F26D482A3E2AA9005C3EA7 /* FlashcardSetsTests.swift in Sources */ = {isa = PBXBuildFile; fileRef = 47F26D472A3E2AA9005C3EA7 /* FlashcardSetsTests.swift */; };
/* End PBXBuildFile section */

/* Begin PBXContainerItemProxy section */
		474DB3D22A3E044F0078EF54 /* PBXContainerItemProxy */ = {
			isa = PBXContainerItemProxy;
			containerPortal = 474DB3B12A3E033B0078EF54 /* Project object */;
			proxyType = 1;
			remoteGlobalIDString = 474DB3B82A3E033B0078EF54;
			remoteInfo = SwiftDataQueryTesting;
		};
/* End PBXContainerItemProxy section */

/* Begin PBXFileReference section */
		474DB3B92A3E033B0078EF54 /* SwiftDataQuery.app */ = {isa = PBXFileReference; explicitFileType = wrapper.application; includeInIndex = 0; path = SwiftDataQuery.app; sourceTree = BUILT_PRODUCTS_DIR; };
		474DB3BC2A3E033B0078EF54 /* FlashcardsApp.swift */ = {isa = PBXFileReference; lastKnownFileType = sourcecode.swift; path = FlashcardsApp.swift; sourceTree = "<group>"; };
		474DB3BE2A3E033B0078EF54 /* FlashcardSetsView.swift */ = {isa = PBXFileReference; lastKnownFileType = sourcecode.swift; path = FlashcardSetsView.swift; sourceTree = "<group>"; };
		474DB3C02A3E033C0078EF54 /* Assets.xcassets */ = {isa = PBXFileReference; lastKnownFileType = folder.assetcatalog; path = Assets.xcassets; sourceTree = "<group>"; };
		474DB3CE2A3E044F0078EF54 /* SwiftDataQueryTests.xctest */ = {isa = PBXFileReference; explicitFileType = wrapper.cfbundle; includeInIndex = 0; path = SwiftDataQueryTests.xctest; sourceTree = BUILT_PRODUCTS_DIR; };
		474DB3D82A3E1D220078EF54 /* Flashcard.swift */ = {isa = PBXFileReference; lastKnownFileType = sourcecode.swift; path = Flashcard.swift; sourceTree = "<group>"; };
		474DB3DA2A3E1D4D0078EF54 /* FlashcardsSet.swift */ = {isa = PBXFileReference; lastKnownFileType = sourcecode.swift; path = FlashcardsSet.swift; sourceTree = "<group>"; };
		47F26D472A3E2AA9005C3EA7 /* FlashcardSetsTests.swift */ = {isa = PBXFileReference; lastKnownFileType = sourcecode.swift; path = FlashcardSetsTests.swift; sourceTree = "<group>"; };
/* End PBXFileReference section */

/* Begin PBXFrameworksBuildPhase section */
		474DB3B62A3E033B0078EF54 /* Frameworks */ = {
			isa = PBXFrameworksBuildPhase;
			buildActionMask = 2147483647;
			files = (
			);
			runOnlyForDeploymentPostprocessing = 0;
		};
		474DB3CB2A3E044F0078EF54 /* Frameworks */ = {
			isa = PBXFrameworksBuildPhase;
			buildActionMask = 2147483647;
			files = (
				47F26D462A3E295A005C3EA7 /* SnapshotTesting in Frameworks */,
			);
			runOnlyForDeploymentPostprocessing = 0;
		};
/* End PBXFrameworksBuildPhase section */

/* Begin PBXGroup section */
		474DB3B02A3E033B0078EF54 = {
			isa = PBXGroup;
			children = (
				474DB3BB2A3E033B0078EF54 /* SwiftDataQuery */,
				474DB3CF2A3E044F0078EF54 /* SwiftDataQueryTests */,
				474DB3BA2A3E033B0078EF54 /* Products */,
			);
			sourceTree = "<group>";
		};
		474DB3BA2A3E033B0078EF54 /* Products */ = {
			isa = PBXGroup;
			children = (
				474DB3B92A3E033B0078EF54 /* SwiftDataQuery.app */,
				474DB3CE2A3E044F0078EF54 /* SwiftDataQueryTests.xctest */,
			);
			name = Products;
			sourceTree = "<group>";
		};
		474DB3BB2A3E033B0078EF54 /* SwiftDataQuery */ = {
			isa = PBXGroup;
			children = (
				474DB3D72A3E1D110078EF54 /* Models */,
				474DB3BC2A3E033B0078EF54 /* FlashcardsApp.swift */,
				474DB3BE2A3E033B0078EF54 /* FlashcardSetsView.swift */,
				474DB3C02A3E033C0078EF54 /* Assets.xcassets */,
			);
			path = SwiftDataQuery;
			sourceTree = "<group>";
		};
		474DB3CF2A3E044F0078EF54 /* SwiftDataQueryTests */ = {
			isa = PBXGroup;
			children = (
				47F26D472A3E2AA9005C3EA7 /* FlashcardSetsTests.swift */,
			);
			path = SwiftDataQueryTests;
			sourceTree = "<group>";
		};
		474DB3D72A3E1D110078EF54 /* Models */ = {
			isa = PBXGroup;
			children = (
				474DB3D82A3E1D220078EF54 /* Flashcard.swift */,
				474DB3DA2A3E1D4D0078EF54 /* FlashcardsSet.swift */,
			);
			path = Models;
			sourceTree = "<group>";
		};
/* End PBXGroup section */

/* Begin PBXNativeTarget section */
		474DB3B82A3E033B0078EF54 /* SwiftDataQuery */ = {
			isa = PBXNativeTarget;
			buildConfigurationList = 474DB3C72A3E033C0078EF54 /* Build configuration list for PBXNativeTarget "SwiftDataQuery" */;
			buildPhases = (
				474DB3B52A3E033B0078EF54 /* Sources */,
				474DB3B62A3E033B0078EF54 /* Frameworks */,
				474DB3B72A3E033B0078EF54 /* Resources */,
			);
			buildRules = (
			);
			dependencies = (
			);
			name = SwiftDataQuery;
			packageProductDependencies = (
			);
			productName = SwiftDataQueryTesting;
			productReference = 474DB3B92A3E033B0078EF54 /* SwiftDataQuery.app */;
			productType = "com.apple.product-type.application";
		};
		474DB3CD2A3E044F0078EF54 /* SwiftDataQueryTests */ = {
			isa = PBXNativeTarget;
			buildConfigurationList = 474DB3D42A3E044F0078EF54 /* Build configuration list for PBXNativeTarget "SwiftDataQueryTests" */;
			buildPhases = (
				474DB3CA2A3E044F0078EF54 /* Sources */,
				474DB3CB2A3E044F0078EF54 /* Frameworks */,
				474DB3CC2A3E044F0078EF54 /* Resources */,
			);
			buildRules = (
			);
			dependencies = (
				474DB3D32A3E044F0078EF54 /* PBXTargetDependency */,
			);
			name = SwiftDataQueryTests;
			packageProductDependencies = (
				47F26D452A3E295A005C3EA7 /* SnapshotTesting */,
			);
			productName = SwiftDataQueryTests;
			productReference = 474DB3CE2A3E044F0078EF54 /* SwiftDataQueryTests.xctest */;
			productType = "com.apple.product-type.bundle.unit-test";
		};
/* End PBXNativeTarget section */

/* Begin PBXProject section */
		474DB3B12A3E033B0078EF54 /* Project object */ = {
			isa = PBXProject;
			attributes = {
				BuildIndependentTargetsInParallel = 1;
				LastSwiftUpdateCheck = 1500;
				LastUpgradeCheck = 1500;
				TargetAttributes = {
					474DB3B82A3E033B0078EF54 = {
						CreatedOnToolsVersion = 15.0;
					};
					474DB3CD2A3E044F0078EF54 = {
						CreatedOnToolsVersion = 15.0;
						TestTargetID = 474DB3B82A3E033B0078EF54;
					};
				};
			};
			buildConfigurationList = 474DB3B42A3E033B0078EF54 /* Build configuration list for PBXProject "SwiftDataQuery" */;
			compatibilityVersion = "Xcode 14.0";
			developmentRegion = en;
			hasScannedForEncodings = 0;
			knownRegions = (
				en,
				Base,
			);
			mainGroup = 474DB3B02A3E033B0078EF54;
			packageReferences = (
				47F26D442A3E295A005C3EA7 /* XCRemoteSwiftPackageReference "swift-snapshot-testing" */,
			);
			productRefGroup = 474DB3BA2A3E033B0078EF54 /* Products */;
			projectDirPath = "";
			projectRoot = "";
			targets = (
				474DB3B82A3E033B0078EF54 /* SwiftDataQuery */,
				474DB3CD2A3E044F0078EF54 /* SwiftDataQueryTests */,
			);
		};
/* End PBXProject section */

/* Begin PBXResourcesBuildPhase section */
		474DB3B72A3E033B0078EF54 /* Resources */ = {
			isa = PBXResourcesBuildPhase;
			buildActionMask = 2147483647;
			files = (
				474DB3C12A3E033C0078EF54 /* Assets.xcassets in Resources */,
			);
			runOnlyForDeploymentPostprocessing = 0;
		};
		474DB3CC2A3E044F0078EF54 /* Resources */ = {
			isa = PBXResourcesBuildPhase;
			buildActionMask = 2147483647;
			files = (
			);
			runOnlyForDeploymentPostprocessing = 0;
		};
/* End PBXResourcesBuildPhase section */

/* Begin PBXSourcesBuildPhase section */
		474DB3B52A3E033B0078EF54 /* Sources */ = {
			isa = PBXSourcesBuildPhase;
			buildActionMask = 2147483647;
			files = (
				474DB3D92A3E1D220078EF54 /* Flashcard.swift in Sources */,
				474DB3DB2A3E1D4D0078EF54 /* FlashcardsSet.swift in Sources */,
				474DB3BF2A3E033B0078EF54 /* FlashcardSetsView.swift in Sources */,
				474DB3BD2A3E033B0078EF54 /* FlashcardsApp.swift in Sources */,
			);
			runOnlyForDeploymentPostprocessing = 0;
		};
		474DB3CA2A3E044F0078EF54 /* Sources */ = {
			isa = PBXSourcesBuildPhase;
			buildActionMask = 2147483647;
			files = (
				47F26D482A3E2AA9005C3EA7 /* FlashcardSetsTests.swift in Sources */,
			);
			runOnlyForDeploymentPostprocessing = 0;
		};
/* End PBXSourcesBuildPhase section */

/* Begin PBXTargetDependency section */
		474DB3D32A3E044F0078EF54 /* PBXTargetDependency */ = {
			isa = PBXTargetDependency;
			target = 474DB3B82A3E033B0078EF54 /* SwiftDataQuery */;
			targetProxy = 474DB3D22A3E044F0078EF54 /* PBXContainerItemProxy */;
		};
/* End PBXTargetDependency section */

/* Begin XCBuildConfiguration section */
		474DB3C52A3E033C0078EF54 /* Debug */ = {
			isa = XCBuildConfiguration;
			buildSettings = {
				ALWAYS_SEARCH_USER_PATHS = NO;
				ASSETCATALOG_COMPILER_GENERATE_SWIFT_ASSET_SYMBOL_EXTENSIONS = YES;
				CLANG_ANALYZER_NONNULL = YES;
				CLANG_ANALYZER_NUMBER_OBJECT_CONVERSION = YES_AGGRESSIVE;
				CLANG_CXX_LANGUAGE_STANDARD = "gnu++20";
				CLANG_ENABLE_MODULES = YES;
				CLANG_ENABLE_OBJC_ARC = YES;
				CLANG_ENABLE_OBJC_WEAK = YES;
				CLANG_WARN_BLOCK_CAPTURE_AUTORELEASING = YES;
				CLANG_WARN_BOOL_CONVERSION = YES;
				CLANG_WARN_COMMA = YES;
				CLANG_WARN_CONSTANT_CONVERSION = YES;
				CLANG_WARN_DEPRECATED_OBJC_IMPLEMENTATIONS = YES;
				CLANG_WARN_DIRECT_OBJC_ISA_USAGE = YES_ERROR;
				CLANG_WARN_DOCUMENTATION_COMMENTS = YES;
				CLANG_WARN_EMPTY_BODY = YES;
				CLANG_WARN_ENUM_CONVERSION = YES;
				CLANG_WARN_INFINITE_RECURSION = YES;
				CLANG_WARN_INT_CONVERSION = YES;
				CLANG_WARN_NON_LITERAL_NULL_CONVERSION = YES;
				CLANG_WARN_OBJC_IMPLICIT_RETAIN_SELF = YES;
				CLANG_WARN_OBJC_LITERAL_CONVERSION = YES;
				CLANG_WARN_OBJC_ROOT_CLASS = YES_ERROR;
				CLANG_WARN_QUOTED_INCLUDE_IN_FRAMEWORK_HEADER = YES;
				CLANG_WARN_RANGE_LOOP_ANALYSIS = YES;
				CLANG_WARN_STRICT_PROTOTYPES = YES;
				CLANG_WARN_SUSPICIOUS_MOVE = YES;
				CLANG_WARN_UNGUARDED_AVAILABILITY = YES_AGGRESSIVE;
				CLANG_WARN_UNREACHABLE_CODE = YES;
				CLANG_WARN__DUPLICATE_METHOD_MATCH = YES;
				COPY_PHASE_STRIP = NO;
				DEBUG_INFORMATION_FORMAT = dwarf;
				ENABLE_STRICT_OBJC_MSGSEND = YES;
				ENABLE_TESTABILITY = YES;
				ENABLE_USER_SCRIPT_SANDBOXING = YES;
				GCC_C_LANGUAGE_STANDARD = gnu17;
				GCC_DYNAMIC_NO_PIC = NO;
				GCC_NO_COMMON_BLOCKS = YES;
				GCC_OPTIMIZATION_LEVEL = 0;
				GCC_PREPROCESSOR_DEFINITIONS = (
					"DEBUG=1",
					"$(inherited)",
				);
				GCC_WARN_64_TO_32_BIT_CONVERSION = YES;
				GCC_WARN_ABOUT_RETURN_TYPE = YES_ERROR;
				GCC_WARN_UNDECLARED_SELECTOR = YES;
				GCC_WARN_UNINITIALIZED_AUTOS = YES_AGGRESSIVE;
				GCC_WARN_UNUSED_FUNCTION = YES;
				GCC_WARN_UNUSED_VARIABLE = YES;
				IPHONEOS_DEPLOYMENT_TARGET = 17.0;
				LOCALIZATION_PREFERS_STRING_CATALOGS = YES;
				MTL_ENABLE_DEBUG_INFO = INCLUDE_SOURCE;
				MTL_FAST_MATH = YES;
				ONLY_ACTIVE_ARCH = YES;
				SDKROOT = iphoneos;
				SWIFT_ACTIVE_COMPILATION_CONDITIONS = "DEBUG $(inherited)";
				SWIFT_OPTIMIZATION_LEVEL = "-Onone";
			};
			name = Debug;
		};
		474DB3C62A3E033C0078EF54 /* Release */ = {
			isa = XCBuildConfiguration;
			buildSettings = {
				ALWAYS_SEARCH_USER_PATHS = NO;
				ASSETCATALOG_COMPILER_GENERATE_SWIFT_ASSET_SYMBOL_EXTENSIONS = YES;
				CLANG_ANALYZER_NONNULL = YES;
				CLANG_ANALYZER_NUMBER_OBJECT_CONVERSION = YES_AGGRESSIVE;
				CLANG_CXX_LANGUAGE_STANDARD = "gnu++20";
				CLANG_ENABLE_MODULES = YES;
				CLANG_ENABLE_OBJC_ARC = YES;
				CLANG_ENABLE_OBJC_WEAK = YES;
				CLANG_WARN_BLOCK_CAPTURE_AUTORELEASING = YES;
				CLANG_WARN_BOOL_CONVERSION = YES;
				CLANG_WARN_COMMA = YES;
				CLANG_WARN_CONSTANT_CONVERSION = YES;
				CLANG_WARN_DEPRECATED_OBJC_IMPLEMENTATIONS = YES;
				CLANG_WARN_DIRECT_OBJC_ISA_USAGE = YES_ERROR;
				CLANG_WARN_DOCUMENTATION_COMMENTS = YES;
				CLANG_WARN_EMPTY_BODY = YES;
				CLANG_WARN_ENUM_CONVERSION = YES;
				CLANG_WARN_INFINITE_RECURSION = YES;
				CLANG_WARN_INT_CONVERSION = YES;
				CLANG_WARN_NON_LITERAL_NULL_CONVERSION = YES;
				CLANG_WARN_OBJC_IMPLICIT_RETAIN_SELF = YES;
				CLANG_WARN_OBJC_LITERAL_CONVERSION = YES;
				CLANG_WARN_OBJC_ROOT_CLASS = YES_ERROR;
				CLANG_WARN_QUOTED_INCLUDE_IN_FRAMEWORK_HEADER = YES;
				CLANG_WARN_RANGE_LOOP_ANALYSIS = YES;
				CLANG_WARN_STRICT_PROTOTYPES = YES;
				CLANG_WARN_SUSPICIOUS_MOVE = YES;
				CLANG_WARN_UNGUARDED_AVAILABILITY = YES_AGGRESSIVE;
				CLANG_WARN_UNREACHABLE_CODE = YES;
				CLANG_WARN__DUPLICATE_METHOD_MATCH = YES;
				COPY_PHASE_STRIP = NO;
				DEBUG_INFORMATION_FORMAT = "dwarf-with-dsym";
				ENABLE_NS_ASSERTIONS = NO;
				ENABLE_STRICT_OBJC_MSGSEND = YES;
				ENABLE_USER_SCRIPT_SANDBOXING = YES;
				GCC_C_LANGUAGE_STANDARD = gnu17;
				GCC_NO_COMMON_BLOCKS = YES;
				GCC_WARN_64_TO_32_BIT_CONVERSION = YES;
				GCC_WARN_ABOUT_RETURN_TYPE = YES_ERROR;
				GCC_WARN_UNDECLARED_SELECTOR = YES;
				GCC_WARN_UNINITIALIZED_AUTOS = YES_AGGRESSIVE;
				GCC_WARN_UNUSED_FUNCTION = YES;
				GCC_WARN_UNUSED_VARIABLE = YES;
				IPHONEOS_DEPLOYMENT_TARGET = 17.0;
				LOCALIZATION_PREFERS_STRING_CATALOGS = YES;
				MTL_ENABLE_DEBUG_INFO = NO;
				MTL_FAST_MATH = YES;
				SDKROOT = iphoneos;
				SWIFT_COMPILATION_MODE = wholemodule;
				VALIDATE_PRODUCT = YES;
			};
			name = Release;
		};
		474DB3C82A3E033C0078EF54 /* Debug */ = {
			isa = XCBuildConfiguration;
			buildSettings = {
				ASSETCATALOG_COMPILER_APPICON_NAME = AppIcon;
				ASSETCATALOG_COMPILER_GLOBAL_ACCENT_COLOR_NAME = AccentColor;
				CODE_SIGN_STYLE = Automatic;
				CURRENT_PROJECT_VERSION = 1;
				DEVELOPMENT_TEAM = TC4LDUY2D5;
				ENABLE_PREVIEWS = YES;
				GENERATE_INFOPLIST_FILE = YES;
				INFOPLIST_KEY_UIApplicationSceneManifest_Generation = YES;
				INFOPLIST_KEY_UIApplicationSupportsIndirectInputEvents = YES;
				INFOPLIST_KEY_UILaunchScreen_Generation = YES;
				INFOPLIST_KEY_UISupportedInterfaceOrientations_iPad = "UIInterfaceOrientationPortrait UIInterfaceOrientationPortraitUpsideDown UIInterfaceOrientationLandscapeLeft UIInterfaceOrientationLandscapeRight";
				INFOPLIST_KEY_UISupportedInterfaceOrientations_iPhone = "UIInterfaceOrientationPortrait UIInterfaceOrientationLandscapeLeft UIInterfaceOrientationLandscapeRight";
				LD_RUNPATH_SEARCH_PATHS = (
					"$(inherited)",
					"@executable_path/Frameworks",
				);
				MARKETING_VERSION = 1.0;
				PRODUCT_BUNDLE_IDENTIFIER = mg.SwiftDataQueryTesting;
				PRODUCT_NAME = "$(TARGET_NAME)";
				SWIFT_EMIT_LOC_STRINGS = YES;
				SWIFT_VERSION = 5.0;
				TARGETED_DEVICE_FAMILY = "1,2";
			};
			name = Debug;
		};
		474DB3C92A3E033C0078EF54 /* Release */ = {
			isa = XCBuildConfiguration;
			buildSettings = {
				ASSETCATALOG_COMPILER_APPICON_NAME = AppIcon;
				ASSETCATALOG_COMPILER_GLOBAL_ACCENT_COLOR_NAME = AccentColor;
				CODE_SIGN_STYLE = Automatic;
				CURRENT_PROJECT_VERSION = 1;
				DEVELOPMENT_TEAM = TC4LDUY2D5;
				ENABLE_PREVIEWS = YES;
				GENERATE_INFOPLIST_FILE = YES;
				INFOPLIST_KEY_UIApplicationSceneManifest_Generation = YES;
				INFOPLIST_KEY_UIApplicationSupportsIndirectInputEvents = YES;
				INFOPLIST_KEY_UILaunchScreen_Generation = YES;
				INFOPLIST_KEY_UISupportedInterfaceOrientations_iPad = "UIInterfaceOrientationPortrait UIInterfaceOrientationPortraitUpsideDown UIInterfaceOrientationLandscapeLeft UIInterfaceOrientationLandscapeRight";
				INFOPLIST_KEY_UISupportedInterfaceOrientations_iPhone = "UIInterfaceOrientationPortrait UIInterfaceOrientationLandscapeLeft UIInterfaceOrientationLandscapeRight";
				LD_RUNPATH_SEARCH_PATHS = (
					"$(inherited)",
					"@executable_path/Frameworks",
				);
				MARKETING_VERSION = 1.0;
				PRODUCT_BUNDLE_IDENTIFIER = mg.SwiftDataQueryTesting;
				PRODUCT_NAME = "$(TARGET_NAME)";
				SWIFT_EMIT_LOC_STRINGS = YES;
				SWIFT_VERSION = 5.0;
				TARGETED_DEVICE_FAMILY = "1,2";
			};
			name = Release;
		};
		474DB3D52A3E044F0078EF54 /* Debug */ = {
			isa = XCBuildConfiguration;
			buildSettings = {
				BUNDLE_LOADER = "$(TEST_HOST)";
				CODE_SIGN_STYLE = Automatic;
				CURRENT_PROJECT_VERSION = 1;
				DEVELOPMENT_TEAM = TC4LDUY2D5;
				GENERATE_INFOPLIST_FILE = YES;
				MARKETING_VERSION = 1.0;
				PRODUCT_BUNDLE_IDENTIFIER = mg.SwiftDataQueryTests;
				PRODUCT_NAME = "$(TARGET_NAME)";
				SWIFT_EMIT_LOC_STRINGS = NO;
				SWIFT_VERSION = 5.0;
				TARGETED_DEVICE_FAMILY = "1,2";
				TEST_HOST = "$(BUILT_PRODUCTS_DIR)/SwiftDataQuery.app/$(BUNDLE_EXECUTABLE_FOLDER_PATH)/SwiftDataQuery";
			};
			name = Debug;
		};
		474DB3D62A3E044F0078EF54 /* Release */ = {
			isa = XCBuildConfiguration;
			buildSettings = {
				BUNDLE_LOADER = "$(TEST_HOST)";
				CODE_SIGN_STYLE = Automatic;
				CURRENT_PROJECT_VERSION = 1;
				DEVELOPMENT_TEAM = TC4LDUY2D5;
				GENERATE_INFOPLIST_FILE = YES;
				MARKETING_VERSION = 1.0;
				PRODUCT_BUNDLE_IDENTIFIER = mg.SwiftDataQueryTests;
				PRODUCT_NAME = "$(TARGET_NAME)";
				SWIFT_EMIT_LOC_STRINGS = NO;
				SWIFT_VERSION = 5.0;
				TARGETED_DEVICE_FAMILY = "1,2";
				TEST_HOST = "$(BUILT_PRODUCTS_DIR)/SwiftDataQuery.app/$(BUNDLE_EXECUTABLE_FOLDER_PATH)/SwiftDataQuery";
			};
			name = Release;
		};
/* End XCBuildConfiguration section */

/* Begin XCConfigurationList section */
		474DB3B42A3E033B0078EF54 /* Build configuration list for PBXProject "SwiftDataQuery" */ = {
			isa = XCConfigurationList;
			buildConfigurations = (
				474DB3C52A3E033C0078EF54 /* Debug */,
				474DB3C62A3E033C0078EF54 /* Release */,
			);
			defaultConfigurationIsVisible = 0;
			defaultConfigurationName = Release;
		};
		474DB3C72A3E033C0078EF54 /* Build configuration list for PBXNativeTarget "SwiftDataQuery" */ = {
			isa = XCConfigurationList;
			buildConfigurations = (
				474DB3C82A3E033C0078EF54 /* Debug */,
				474DB3C92A3E033C0078EF54 /* Release */,
			);
			defaultConfigurationIsVisible = 0;
			defaultConfigurationName = Release;
		};
		474DB3D42A3E044F0078EF54 /* Build configuration list for PBXNativeTarget "SwiftDataQueryTests" */ = {
			isa = XCConfigurationList;
			buildConfigurations = (
				474DB3D52A3E044F0078EF54 /* Debug */,
				474DB3D62A3E044F0078EF54 /* Release */,
			);
			defaultConfigurationIsVisible = 0;
			defaultConfigurationName = Release;
		};
/* End XCConfigurationList section */

/* Begin XCRemoteSwiftPackageReference section */
		47F26D442A3E295A005C3EA7 /* XCRemoteSwiftPackageReference "swift-snapshot-testing" */ = {
			isa = XCRemoteSwiftPackageReference;
			repositoryURL = "https://github.com/pointfreeco/swift-snapshot-testing.git";
			requirement = {
				kind = upToNextMajorVersion;
				minimumVersion = 1.11.0;
			};
		};
/* End XCRemoteSwiftPackageReference section */

/* Begin XCSwiftPackageProductDependency section */
		47F26D452A3E295A005C3EA7 /* SnapshotTesting */ = {
			isa = XCSwiftPackageProductDependency;
			package = 47F26D442A3E295A005C3EA7 /* XCRemoteSwiftPackageReference "swift-snapshot-testing" */;
			productName = SnapshotTesting;
		};
/* End XCSwiftPackageProductDependency section */
	};
	rootObject = 474DB3B12A3E033B0078EF54 /* Project object */;
}
